hash: f64e2723222ef5388113defcf1215340367c2603f8dc7bb47a7b8e9c29dea5f9
updated: 2018-03-23T23:06:34.97627566+01:00
imports:
- name: github.com/bborbe/flagenv
  version: 4bf10dbe62f41ce40353a70225a84decfd16d3ac
- name: github.com/bborbe/http
  version: 0af97ef0fa27c72d7ad65a5e3a15ec1aebcfe695
  subpackages:
  - client_builder
- name: github.com/bborbe/io
  version: 8c22cf733cf166b247318b0786eec0c7cad9208a
  subpackages:
  - reader_shadow_copy
  - util
- name: github.com/golang/glog
  version: 23def4e6c14b4da8ac2ed8007337bc5eb5007998
testImports:
- name: github.com/bborbe/assert
  version: 2448f69a8cb98ee9e5744f678477959100ceb9d4
