github.com/bborbe/assert v0.0.0-20181116222016-22a6c6341415 h1:/JFZMMM/HYFeb44D+MSlYTFVI2a9zz2UPK0h9scycxA=
github.com/bborbe/assert v0.0.0-20181116222016-22a6c6341415/go.mod h1:kASVnwjQZw9E9ne6ofCNXmKseNDlW14YPA+opAL9v18=
github.com/bborbe/flagenv v0.0.0-20181019084341-2956c4545608 h1:WD5LwN4yz5bQpYIT0KAebOIUPUMz9ZP4vBiadsKOLFE=
github.com/bborbe/flagenv v0.0.0-20181019084341-2956c4545608/go.mod h1:oZ1L1s6wqAP7Mj9TJL9qWMXdPBkj0cFYn8834EK+5QE=
github.com/bborbe/http v0.0.0-20180829202151-efee63a8d109 h1:Flr2fnqFdf/KJkXDTZxt9Nm8tnKuxmsn0ooyHjKf8IY=
github.com/bborbe/http v0.0.0-20180829202151-efee63a8d109/go.mod h1:Mm69zLFmhVgluyzVNqCiNc05aMFGqVUPMkbB+KIkh18=
github.com/bborbe/io v0.0.0-20180829202151-54b762caaee8 h1:wlnAUbX/SI3I5sKG3D7NdlGMlm+JGEpM+5uZ3ZRbcKs=
github.com/bborbe/io v0.0.0-20180829202151-54b762caaee8/go.mod h1:12dKinTbtiCZfFlwJUPVJl1hWLdD+/iV5w5afFSO+Ew=
github.com/golang/glog v0.0.0-20160126235308-23def4e6c14b h1:VKtxabqXZkF25pY9ekfRL6a582T4P37/31XEstQ5p58=
github.com/golang/glog v0.0.0-20160126235308-23def4e6c14b/go.mod h1:SBH7ygxi8pfUlaOkMMuAQtPIUF8ecWP5IEl/CR7VP2Q=
github.com/pkg/errors v0.8.1 h1:iURUrRGxPUNPdy5/HRSm+Yj6okJ6UtLINN0Q9M4+h3I=
github.com/pkg/errors v0.8.1/go.mod h1:bwawxfHBFNV+L2hUp1rHADufV3IMtnDRdf1r5NINEl0=
