# This file is autogenerated, do not edit; changes may be undone by the next 'dep ensure'.


[[projects]]
  branch = "master"
  digest = "1:4b3aa9e7bdcc1bab1d9674d692d4333b9ca81d6f7147b64d0151bf84efdcb837"
  name = "github.com/bborbe/assert"
  packages = ["."]
  pruneopts = "UT"
  revision = "22a6c6341415573bf3e46e05aabb0850403bed2b"

[[projects]]
  branch = "master"
  digest = "1:a5a7d0b0cda13e9cef2e025a1cca547b6409b38bd7cbbadc39d1de829b592381"
  name = "github.com/bborbe/flagenv"
  packages = ["."]
  pruneopts = "UT"
  revision = "2956c4545608fea556c77ca58fcb1cda499defff"

[[projects]]
  branch = "master"
  digest = "1:69edc0cfa80c9b972a997e0e55f4c8a605759218d7de08340d1b1caab8e27381"
  name = "github.com/bborbe/http"
  packages = ["client_builder"]
  pruneopts = "UT"
  revision = "efee63a8d109311e9e85d69c3d49e3f99fb70996"

[[projects]]
  branch = "master"
  digest = "1:7b273ff5e4e27327f4194b72bc0e86cb2352a66bae86b2b67c65819b19581497"
  name = "github.com/bborbe/io"
  packages = [
    "reader_shadow_copy",
    "util",
  ]
  pruneopts = "UT"
  revision = "54b762caaee8af23d13c8b5a58fdfdb481ce5816"

[[projects]]
  branch = "master"
  digest = "1:1ba1d79f2810270045c328ae5d674321db34e3aae468eb4233883b473c5c0467"
  name = "github.com/golang/glog"
  packages = ["."]
  pruneopts = "UT"
  revision = "23def4e6c14b4da8ac2ed8007337bc5eb5007998"

[[projects]]
  digest = "1:cf31692c14422fa27c83a05292eb5cbe0fb2775972e8f1f8446a71549bd8980b"
  name = "github.com/pkg/errors"
  packages = ["."]
  pruneopts = "UT"
  revision = "ba968bfe8b2f7e042a574c888954fccecfa385b4"
  version = "v0.8.1"

[solve-meta]
  analyzer-name = "dep"
  analyzer-version = 1
  input-imports = [
    "github.com/bborbe/assert",
    "github.com/bborbe/flagenv",
    "github.com/bborbe/http/client_builder",
    "github.com/bborbe/io/reader_shadow_copy",
    "github.com/bborbe/io/util",
    "github.com/golang/glog",
    "github.com/pkg/errors",
  ]
  solver-name = "gps-cdcl"
  solver-version = 1
