# This file is autogenerated, do not edit; changes may be undone by the next 'dep ensure'.


[[projects]]
  branch = "master"
  digest = "1:3a140306d7151491c83a326c7af43598d4b4edcf30ffd74c7c1b43f6bcbf283c"
  name = "github.com/bborbe/assert"
  packages = ["."]
  pruneopts = "UT"
  revision = "2380757c64e19114afcb9bebe6e724c2026fae6a"

[[projects]]
  branch = "master"
  digest = "1:936d21455d9f0c5cfa8f15f60b9606a9b54f1f251c2a72cc2f8f2197d0e211dd"
  name = "github.com/bborbe/flagenv"
  packages = ["."]
  pruneopts = "UT"
  revision = "121c0cff072d7535484fc4a6163d9a4fefb07f58"

[[projects]]
  branch = "master"
  digest = "1:69edc0cfa80c9b972a997e0e55f4c8a605759218d7de08340d1b1caab8e27381"
  name = "github.com/bborbe/http"
  packages = ["client_builder"]
  pruneopts = "UT"
  revision = "efee63a8d109311e9e85d69c3d49e3f99fb70996"

[[projects]]
  branch = "master"
  digest = "1:7b273ff5e4e27327f4194b72bc0e86cb2352a66bae86b2b67c65819b19581497"
  name = "github.com/bborbe/io"
  packages = [
    "reader_shadow_copy",
    "util",
  ]
  pruneopts = "UT"
  revision = "54b762caaee8af23d13c8b5a58fdfdb481ce5816"

[[projects]]
  branch = "master"
  digest = "1:1ba1d79f2810270045c328ae5d674321db34e3aae468eb4233883b473c5c0467"
  name = "github.com/golang/glog"
  packages = ["."]
  pruneopts = "UT"
  revision = "23def4e6c14b4da8ac2ed8007337bc5eb5007998"

[[projects]]
  digest = "1:40e195917a951a8bf867cd05de2a46aaf1806c50cf92eebf4c16f78cd196f747"
  name = "github.com/pkg/errors"
  packages = ["."]
  pruneopts = "UT"
  revision = "645ef00459ed84a119197bfb8d8205042c6df63d"
  version = "v0.8.0"

[solve-meta]
  analyzer-name = "dep"
  analyzer-version = 1
  input-imports = [
    "github.com/bborbe/assert",
    "github.com/bborbe/flagenv",
    "github.com/bborbe/http/client_builder",
    "github.com/bborbe/io/reader_shadow_copy",
    "github.com/bborbe/io/util",
    "github.com/golang/glog",
    "github.com/pkg/errors",
  ]
  solver-name = "gps-cdcl"
  solver-version = 1
