# This file is autogenerated, do not edit; changes may be undone by the next 'dep ensure'.


[[projects]]
  branch = "master"
  digest = "1:7a733aa0512f8422488391ccd4a766bb934acb1b4b5e29749f0f3c7fdfd25e4c"
  name = "github.com/bborbe/assert"
  packages = ["."]
  pruneopts = "UT"
  revision = "ab840eecbae389bab6d11872115ade11e687f88c"

[[projects]]
  branch = "master"
  digest = "1:a055b2593a6048c6c724e91c35642d1fe306d50ce6acf86310675a57f9940314"
  name = "github.com/bborbe/flagenv"
  packages = ["."]
  pruneopts = "UT"
  revision = "4bf10dbe62f41ce40353a70225a84decfd16d3ac"

[[projects]]
  branch = "master"
  digest = "1:69edc0cfa80c9b972a997e0e55f4c8a605759218d7de08340d1b1caab8e27381"
  name = "github.com/bborbe/http"
  packages = ["client_builder"]
  pruneopts = "UT"
  revision = "b783a5e87f98911552ef543db3624f3ce52d79c1"

[[projects]]
  branch = "master"
  digest = "1:5ecff068c8fa563e1db5a114a3801f2c90514a9fa1ee0bc00f99414aa6b88d57"
  name = "github.com/bborbe/io"
  packages = [
    "reader_shadow_copy",
    "util",
  ]
  pruneopts = "UT"
  revision = "8c22cf733cf166b247318b0786eec0c7cad9208a"

[[projects]]
  branch = "master"
  digest = "1:1ba1d79f2810270045c328ae5d674321db34e3aae468eb4233883b473c5c0467"
  name = "github.com/golang/glog"
  packages = ["."]
  pruneopts = "UT"
  revision = "23def4e6c14b4da8ac2ed8007337bc5eb5007998"

[[projects]]
  digest = "1:40e195917a951a8bf867cd05de2a46aaf1806c50cf92eebf4c16f78cd196f747"
  name = "github.com/pkg/errors"
  packages = ["."]
  pruneopts = "UT"
  revision = "645ef00459ed84a119197bfb8d8205042c6df63d"
  version = "v0.8.0"

[solve-meta]
  analyzer-name = "dep"
  analyzer-version = 1
  input-imports = [
    "github.com/bborbe/assert",
    "github.com/bborbe/flagenv",
    "github.com/bborbe/http/client_builder",
    "github.com/bborbe/io/reader_shadow_copy",
    "github.com/bborbe/io/util",
    "github.com/golang/glog",
    "github.com/pkg/errors",
  ]
  solver-name = "gps-cdcl"
  solver-version = 1
